
Microsoft Visual Studio Solution File, Format Version 12.00
# Visual Studio 14
VisualStudioVersion = 14.0.23107.0
MinimumVisualStudioVersion = 10.0.40219.1
Project("{FAE04EC0-301F-11D3-BF4B-00C04F79EFBC}") = "ReviewApplication.API", "ReviewApplication.API\ReviewApplication.API.csproj", "{A5123167-675F-48C8-BA25-9BC72CBA4491}"
EndProject
Project("{FAE04EC0-301F-11D3-BF4B-00C04F79EFBC}") = "ReviewApplication.API.Tests", "ReviewApplication.API.Tests\ReviewApplication.API.Tests.csproj", "{DA0558C3-0F27-4DE0-940A-AD1F68C88A54}"
EndProject
Project("{FAE04EC0-301F-11D3-BF4B-00C04F79EFBC}") = "ReviewApplication.CORE", "ReviewApplication.CORE\ReviewApplication.CORE.csproj", "{37CFE397-3327-4EB2-AA51-87F97ED08BBB}"
EndProject
Global
	GlobalSection(SolutionConfigurationPlatforms) = preSolution
		Debug|Any CPU = Debug|Any CPU
		Release|Any CPU = Release|Any CPU
	EndGlobalSection
	GlobalSection(ProjectConfigurationPlatforms) = postSolution
		{A5123167-675F-48C8-BA25-9BC72CBA4491}.Debug|Any CPU.ActiveCfg = Debug|Any CPU
		{A5123167-675F-48C8-BA25-9BC72CBA4491}.Debug|Any CPU.Build.0 = Debug|Any CPU
		{A5123167-675F-48C8-BA25-9BC72CBA4491}.Release|Any CPU.ActiveCfg = Release|Any CPU
		{A5123167-675F-48C8-BA25-9BC72CBA4491}.Release|Any CPU.Build.0 = Release|Any CPU
		{DA0558C3-0F27-4DE0-940A-AD1F68C88A54}.Debug|Any CPU.ActiveCfg = Debug|Any CPU
		{DA0558C3-0F27-4DE0-940A-AD1F68C88A54}.Debug|Any CPU.Build.0 = Debug|Any CPU
		{DA0558C3-0F27-4DE0-940A-AD1F68C88A54}.Release|Any CPU.ActiveCfg = Release|Any CPU
		{DA0558C3-0F27-4DE0-940A-AD1F68C88A54}.Release|Any CPU.Build.0 = Release|Any CPU
		{37CFE397-3327-4EB2-AA51-87F97ED08BBB}.Debug|Any CPU.ActiveCfg = Debug|Any CPU
		{37CFE397-3327-4EB2-AA51-87F97ED08BBB}.Debug|Any CPU.Build.0 = Debug|Any CPU
		{37CFE397-3327-4EB2-AA51-87F97ED08BBB}.Release|Any CPU.ActiveCfg = Release|Any CPU
		{37CFE397-3327-4EB2-AA51-87F97ED08BBB}.Release|Any CPU.Build.0 = Release|Any CPU
	EndGlobalSection
	GlobalSection(SolutionProperties) = preSolution
		HideSolutionNode = FALSE
	EndGlobalSection
EndGlobal
